
Microsoft Visual Studio Solution File, Format Version 12.00
# Visual Studio Version 17
VisualStudioVersion = 17.5.002.0
MinimumVisualStudioVersion = 10.0.40219.1
Project("{9A19103F-16F7-4668-BE54-9A1E7A4F7556}") = "FinalProject", "FinalProject.csproj", "{116418FA-CF8B-46AA-BC97-254043CAAFEF}"
EndProject
Global
	GlobalSection(SolutionConfigurationPlatforms) = preSolution
		Debug|Any CPU = Debug|Any CPU
		Release|Any CPU = Release|Any CPU
	EndGlobalSection
	GlobalSection(ProjectConfigurationPlatforms) = postSolution
		{116418FA-CF8B-46AA-BC97-254043CAAFEF}.Debug|Any CPU.ActiveCfg = Debug|Any CPU
		{116418FA-CF8B-46AA-BC97-254043CAAFEF}.Debug|Any CPU.Build.0 = Debug|Any CPU
		{116418FA-CF8B-46AA-BC97-254043CAAFEF}.Release|Any CPU.ActiveCfg = Release|Any CPU
		{116418FA-CF8B-46AA-BC97-254043CAAFEF}.Release|Any CPU.Build.0 = Release|Any CPU
	EndGlobalSection
	GlobalSection(SolutionProperties) = preSolution
		HideSolutionNode = FALSE
	EndGlobalSection
	GlobalSection(ExtensibilityGlobals) = postSolution
		SolutionGuid = {07F9821C-E7AC-4885-A424-587D630F164A}
	EndGlobalSection
EndGlobal
